github.com/schnerring/hugo-mod-json-resume v0.0.0-20240206222225-cbf839bf0b0d h1:8iJ5UldoepM0V9fqycN4sgd3oPAQoCD5RffxuxJw5DM=
github.com/schnerring/hugo-mod-json-resume v0.0.0-20240206222225-cbf839bf0b0d/go.mod h1:YQKQqfbEJvAU6nvEz+bwqsFC8s/k8khZz1bTGLlP8Ck=
github.com/schnerring/hugo-mod-json-resume v0.0.0-20240428131816-2ca539091fff h1:76RmOFvLqiCiFgxUkpLHKoDGzPAvU5TwsSP+MheUDtU=
github.com/schnerring/hugo-mod-json-resume v0.0.0-20240428131816-2ca539091fff/go.mod h1:ObjdrUxFgCY2vJlb/jyLKRElbf9aOJbqAvvNHLjKKHY=
github.com/schnerring/hugo-mod-json-resume v0.0.0-20240605113826-4c53610cefed h1:j/zzaJqIBsThFCDB1zaFZVAJF67fcp/ovDVJvooa8E4=
github.com/schnerring/hugo-mod-json-resume v0.0.0-20240605113826-4c53610cefed/go.mod h1:D68h0Xyl67ycYkrKj9c1vSSZpfJVQOE+lRXH8i+T5rM=
github.com/schnerring/hugo-mod-json-resume v0.0.0-20240713144857-b93e1342587e h1:RHhb+f8oSEPzGpJTLh42oi66Nx93W33D20p6Ryx1v4c=
github.com/schnerring/hugo-mod-json-resume v0.0.0-20240713144857-b93e1342587e/go.mod h1:MkOpUaDAlUA47rxV4jXcz/sQJJES3UaA2jWBIEe+0UM=
github.com/schnerring/hugo-mod-json-resume v0.0.0-20240725153324-b9a827df859e h1:eFUjfGGBFjmiJdygjheC3kxoCZsHG+E6WsNH48AeLnQ=
github.com/schnerring/hugo-mod-json-resume v0.0.0-20240725153324-b9a827df859e/go.mod h1:MkOpUaDAlUA47rxV4jXcz/sQJJES3UaA2jWBIEe+0UM=
github.com/schnerring/hugo-mod-json-resume v0.0.0-20240726182939-351bd04b3580 h1:CzekyLtCpDNoTBT3FcPSzbxwS33JeqgG07lP1oFYY18=
github.com/schnerring/hugo-mod-json-resume v0.0.0-20240726182939-351bd04b3580/go.mod h1:MkOpUaDAlUA47rxV4jXcz/sQJJES3UaA2jWBIEe+0UM=
github.com/schnerring/hugo-mod-json-resume v0.0.0-20240729170823-24ba47089427 h1:KZoFJ9Gjyj5kQkFNStMMKPlz2pWag1phv5ejSWmRdgI=
github.com/schnerring/hugo-mod-json-resume v0.0.0-20240729170823-24ba47089427/go.mod h1:MkOpUaDAlUA47rxV4jXcz/sQJJES3UaA2jWBIEe+0UM=
github.com/schnerring/hugo-mod-json-resume v0.0.0-20240912013022-d0a6933840c5 h1:AV/aZDOq1Y9yS9DlK137/xPhfLgzwg0w+IlxBWw5OS4=
github.com/schnerring/hugo-mod-json-resume v0.0.0-20240912013022-d0a6933840c5/go.mod h1:Pc0QvpaSvbHMym3crVDxSe9O2VpL89TSWEHK3JqPRjQ=
